
Microsoft Visual Studio Solution File, Format Version 12.00
# Visual Studio Version 17
VisualStudioVersion = 17.2.32602.215
MinimumVisualStudioVersion = 10.0.40219.1
Project("{FAE04EC0-301F-11D3-BF4B-00C04F79EFBC}") = "WeatherApp.Api", "Api\WeatherApp.Api.csproj", "{1A2C054E-53CF-490F-AC98-674224C11574}"
EndProject
Project("{FAE04EC0-301F-11D3-BF4B-00C04F79EFBC}") = "WeatherApp.Client", "Client\WeatherApp.Client.csproj", "{11CADE8F-5A47-4000-9ECF-5641E40D3319}"
EndProject
Project("{FAE04EC0-301F-11D3-BF4B-00C04F79EFBC}") = "WeatherApp.Shared", "Shared\WeatherApp.Shared.csproj", "{8F72975C-2223-4705-9630-326EC52A6C33}"
EndProject
Global
	GlobalSection(SolutionConfigurationPlatforms) = preSolution
		Debug|Any CPU = Debug|Any CPU
		Release|Any CPU = Release|Any CPU
	EndGlobalSection
	GlobalSection(ProjectConfigurationPlatforms) = postSolution
		{1A2C054E-53CF-490F-AC98-674224C11574}.Debug|Any CPU.ActiveCfg = Debug|Any CPU
		{1A2C054E-53CF-490F-AC98-674224C11574}.Debug|Any CPU.Build.0 = Debug|Any CPU
		{1A2C054E-53CF-490F-AC98-674224C11574}.Release|Any CPU.ActiveCfg = Release|Any CPU
		{1A2C054E-53CF-490F-AC98-674224C11574}.Release|Any CPU.Build.0 = Release|Any CPU
		{11CADE8F-5A47-4000-9ECF-5641E40D3319}.Debug|Any CPU.ActiveCfg = Debug|Any CPU
		{11CADE8F-5A47-4000-9ECF-5641E40D3319}.Debug|Any CPU.Build.0 = Debug|Any CPU
		{11CADE8F-5A47-4000-9ECF-5641E40D3319}.Release|Any CPU.ActiveCfg = Release|Any CPU
		{11CADE8F-5A47-4000-9ECF-5641E40D3319}.Release|Any CPU.Build.0 = Release|Any CPU
		{8F72975C-2223-4705-9630-326EC52A6C33}.Debug|Any CPU.ActiveCfg = Debug|Any CPU
		{8F72975C-2223-4705-9630-326EC52A6C33}.Debug|Any CPU.Build.0 = Debug|Any CPU
		{8F72975C-2223-4705-9630-326EC52A6C33}.Release|Any CPU.ActiveCfg = Release|Any CPU
		{8F72975C-2223-4705-9630-326EC52A6C33}.Release|Any CPU.Build.0 = Release|Any CPU
	EndGlobalSection
	GlobalSection(SolutionProperties) = preSolution
		HideSolutionNode = FALSE
	EndGlobalSection
	GlobalSection(ExtensibilityGlobals) = postSolution
		SolutionGuid = {9776D34C-2EDB-4F28-80F8-8154C9D2E1AB}
	EndGlobalSection
EndGlobal
